
Microsoft Visual Studio Solution File, Format Version 12.00
# Visual Studio Version 16
VisualStudioVersion = 16.0.29806.167
MinimumVisualStudioVersion = 10.0.40219.1
Project("{8BC9CEB8-8B4A-11D0-8D11-00A0C91BC942}") = "preprocessor", "preprocessor\preprocessor.vcxproj", "{2238A933-8AAB-4321-9C92-71104088A6AC}"
EndProject
Global
	GlobalSection(SolutionConfigurationPlatforms) = preSolution
		Debug|x64 = Debug|x64
		Debug|x86 = Debug|x86
		Release|x64 = Release|x64
		Release|x86 = Release|x86
	EndGlobalSection
	GlobalSection(ProjectConfigurationPlatforms) = postSolution
		{2238A933-8AAB-4321-9C92-71104088A6AC}.Debug|x64.ActiveCfg = Debug|x64
		{2238A933-8AAB-4321-9C92-71104088A6AC}.Debug|x64.Build.0 = Debug|x64
		{2238A933-8AAB-4321-9C92-71104088A6AC}.Debug|x86.ActiveCfg = Debug|Win32
		{2238A933-8AAB-4321-9C92-71104088A6AC}.Debug|x86.Build.0 = Debug|Win32
		{2238A933-8AAB-4321-9C92-71104088A6AC}.Release|x64.ActiveCfg = Release|x64
		{2238A933-8AAB-4321-9C92-71104088A6AC}.Release|x64.Build.0 = Release|x64
		{2238A933-8AAB-4321-9C92-71104088A6AC}.Release|x86.ActiveCfg = Release|Win32
		{2238A933-8AAB-4321-9C92-71104088A6AC}.Release|x86.Build.0 = Release|Win32
	EndGlobalSection
	GlobalSection(SolutionProperties) = preSolution
		HideSolutionNode = FALSE
	EndGlobalSection
	GlobalSection(ExtensibilityGlobals) = postSolution
		SolutionGuid = {D3EE306A-9E2F-408F-BF98-E8009EE03633}
	EndGlobalSection
EndGlobal
